// !$*UTF8*$!
{
	archiveVersion = 1;
	classes = {
	};
	objectVersion = 46;
	objects = {

/* Begin PBXBuildFile section */
		4B2C85FF1BB97D0E00A8335E /* main.m in Sources */ = {isa = PBXBuildFile; fileRef = 4B2C85FE1BB97D0E00A8335E /* main.m */; };
		4B2C86021BB97D0E00A8335E /* AppDelegate.m in Sources */ = {isa = PBXBuildFile; fileRef = 4B2C86011BB97D0E00A8335E /* AppDelegate.m */; };
		4B2C86051BB97D0E00A8335E /* ViewController.m in Sources */ = {isa = PBXBuildFile; fileRef = 4B2C86041BB97D0E00A8335E /* ViewController.m */; };
		4B2C86081BB97D0E00A8335E /* Main.storyboard in Resources */ = {isa = PBXBuildFile; fileRef = 4B2C86061BB97D0E00A8335E /* Main.storyboard */; };
		4B2C860A1BB97D0E00A8335E /* Assets.xcassets in Resources */ = {isa = PBXBuildFile; fileRef = 4B2C86091BB97D0E00A8335E /* Assets.xcassets */; };
		4B2C860D1BB97D0E00A8335E /* LaunchScreen.storyboard in Resources */ = {isa = PBXBuildFile; fileRef = 4B2C860B1BB97D0E00A8335E /* LaunchScreen.storyboard */; };
		4B2C86181BB97D0F00A8335E /* _928ZJ__Tests.m in Sources */ = {isa = PBXBuildFile; fileRef = 4B2C86171BB97D0F00A8335E /* _928ZJ__Tests.m */; };
		4B2C86231BB97D0F00A8335E /* _928ZJ__UITests.m in Sources */ = {isa = PBXBuildFile; fileRef = 4B2C86221BB97D0F00A8335E /* _928ZJ__UITests.m */; };
/* End PBXBuildFile section */

/* Begin PBXContainerItemProxy section */
		4B2C86141BB97D0F00A8335E /* PBXContainerItemProxy */ = {
			isa = PBXContainerItemProxy;
			containerPortal = 4B2C85F21BB97D0E00A8335E /* Project object */;
			proxyType = 1;
			remoteGlobalIDString = 4B2C85F91BB97D0E00A8335E;
			remoteInfo = "0928ZJ心跳";
		};
		4B2C861F1BB97D0F00A8335E /* PBXContainerItemProxy */ = {
			isa = PBXContainerItemProxy;
			containerPortal = 4B2C85F21BB97D0E00A8335E /* Project object */;
			proxyType = 1;
			remoteGlobalIDString = 4B2C85F91BB97D0E00A8335E;
			remoteInfo = "0928ZJ心跳";
		};
/* End PBXContainerItemProxy section */

/* Begin PBXFileReference section */
		4B2C85FA1BB97D0E00A8335E /* 0928ZJ心跳.app */ = {isa = PBXFileReference; explicitFileType = wrapper.application; includeInIndex = 0; path = "0928ZJ心跳.app"; sourceTree = BUILT_PRODUCTS_DIR; };
		4B2C85FE1BB97D0E00A8335E /* main.m */ = {isa = PBXFileReference; lastKnownFileType = sourcecode.c.objc; path = main.m; sourceTree = "<group>"; };
		4B2C86001BB97D0E00A8335E /* AppDelegate.h */ = {isa = PBXFileReference; lastKnownFileType = sourcecode.c.h; path = AppDelegate.h; sourceTree = "<group>"; };
		4B2C86011BB97D0E00A8335E /* AppDelegate.m */ = {isa = PBXFileReference; lastKnownFileType = sourcecode.c.objc; path = AppDelegate.m; sourceTree = "<group>"; };
		4B2C86031BB97D0E00A8335E /* ViewController.h */ = {isa = PBXFileReference; lastKnownFileType = sourcecode.c.h; path = ViewController.h; sourceTree = "<group>"; };
		4B2C86041BB97D0E00A8335E /* ViewController.m */ = {isa = PBXFileReference; lastKnownFileType = sourcecode.c.objc; path = ViewController.m; sourceTree = "<group>"; };
		4B2C86071BB97D0E00A8335E /* Base */ = {isa = PBXFileReference; lastKnownFileType = file.storyboard; name = Base; path = Base.lproj/Main.storyboard; sourceTree = "<group>"; };
		4B2C86091BB97D0E00A8335E /* Assets.xcassets */ = {isa = PBXFileReference; lastKnownFileType = folder.assetcatalog; path = Assets.xcassets; sourceTree = "<group>"; };
		4B2C860C1BB97D0E00A8335E /* Base */ = {isa = PBXFileReference; lastKnownFileType = file.storyboard; name = Base; path = Base.lproj/LaunchScreen.storyboard; sourceTree = "<group>"; };
		4B2C860E1BB97D0E00A8335E /* Info.plist */ = {isa = PBXFileReference; lastKnownFileType = text.plist.xml; path = Info.plist; sourceTree = "<group>"; };
		4B2C86131BB97D0F00A8335E /* 0928ZJ心跳Tests.xctest */ = {isa = PBXFileReference; explicitFileType = wrapper.cfbundle; includeInIndex = 0; path = "0928ZJ心跳Tests.xctest"; sourceTree = BUILT_PRODUCTS_DIR; };
		4B2C86171BB97D0F00A8335E /* _928ZJ__Tests.m */ = {isa = PBXFileReference; lastKnownFileType = sourcecode.c.objc; path = _928ZJ__Tests.m; sourceTree = "<group>"; };
		4B2C86191BB97D0F00A8335E /* Info.plist */ = {isa = PBXFileReference; lastKnownFileType = text.plist.xml; path = Info.plist; sourceTree = "<group>"; };
		4B2C861E1BB97D0F00A8335E /* 0928ZJ心跳UITests.xctest */ = {isa = PBXFileReference; explicitFileType = wrapper.cfbundle; includeInIndex = 0; path = "0928ZJ心跳UITests.xctest"; sourceTree = BUILT_PRODUCTS_DIR; };
		4B2C86221BB97D0F00A8335E /* _928ZJ__UITests.m */ = {isa = PBXFileReference; lastKnownFileType = sourcecode.c.objc; path = _928ZJ__UITests.m; sourceTree = "<group>"; };
		4B2C86241BB97D0F00A8335E /* Info.plist */ = {isa = PBXFileReference; lastKnownFileType = text.plist.xml; path = Info.plist; sourceTree = "<group>"; };
/* End PBXFileReference section */

/* Begin PBXFrameworksBuildPhase section */
		4B2C85F71BB97D0E00A8335E /* Frameworks */ = {
			isa = PBXFrameworksBuildPhase;
			buildActionMask = 2147483647;
			files = (
			);
			runOnlyForDeploymentPostprocessing = 0;
		};
		4B2C86101BB97D0F00A8335E /* Frameworks */ = {
			isa = PBXFrameworksBuildPhase;
			buildActionMask = 2147483647;
			files = (
			);
			runOnlyForDeploymentPostprocessing = 0;
		};
		4B2C861B1BB97D0F00A8335E /* Frameworks */ = {
			isa = PBXFrameworksBuildPhase;
			buildActionMask = 2147483647;
			files = (
			);
			runOnlyForDeploymentPostprocessing = 0;
		};
/* End PBXFrameworksBuildPhase section */

/* Begin PBXGroup section */
		4B2C85F11BB97D0E00A8335E = {
			isa = PBXGroup;
			children = (
				4B2C85FC1BB97D0E00A8335E /* 0928ZJ心跳 */,
				4B2C86161BB97D0F00A8335E /* 0928ZJ心跳Tests */,
				4B2C86211BB97D0F00A8335E /* 0928ZJ心跳UITests */,
				4B2C85FB1BB97D0E00A8335E /* Products */,
			);
			sourceTree = "<group>";
		};
		4B2C85FB1BB97D0E00A8335E /* Products */ = {
			isa = PBXGroup;
			children = (
				4B2C85FA1BB97D0E00A8335E /* 0928ZJ心跳.app */,
				4B2C86131BB97D0F00A8335E /* 0928ZJ心跳Tests.xctest */,
				4B2C861E1BB97D0F00A8335E /* 0928ZJ心跳UITests.xctest */,
			);
			name = Products;
			sourceTree = "<group>";
		};
		4B2C85FC1BB97D0E00A8335E /* 0928ZJ心跳 */ = {
			isa = PBXGroup;
			children = (
				4B2C86001BB97D0E00A8335E /* AppDelegate.h */,
				4B2C86011BB97D0E00A8335E /* AppDelegate.m */,
				4B2C86031BB97D0E00A8335E /* ViewController.h */,
				4B2C86041BB97D0E00A8335E /* ViewController.m */,
				4B2C86061BB97D0E00A8335E /* Main.storyboard */,
				4B2C86091BB97D0E00A8335E /* Assets.xcassets */,
				4B2C860B1BB97D0E00A8335E /* LaunchScreen.storyboard */,
				4B2C860E1BB97D0E00A8335E /* Info.plist */,
				4B2C85FD1BB97D0E00A8335E /* Supporting Files */,
			);
			path = "0928ZJ心跳";
			sourceTree = "<group>";
		};
		4B2C85FD1BB97D0E00A8335E /* Supporting Files */ = {
			isa = PBXGroup;
			children = (
				4B2C85FE1BB97D0E00A8335E /* main.m */,
			);
			name = "Supporting Files";
			sourceTree = "<group>";
		};
		4B2C86161BB97D0F00A8335E /* 0928ZJ心跳Tests */ = {
			isa = PBXGroup;
			children = (
				4B2C86171BB97D0F00A8335E /* _928ZJ__Tests.m */,
				4B2C86191BB97D0F00A8335E /* Info.plist */,
			);
			path = "0928ZJ心跳Tests";
			sourceTree = "<group>";
		};
		4B2C86211BB97D0F00A8335E /* 0928ZJ心跳UITests */ = {
			isa = PBXGroup;
			children = (
				4B2C86221BB97D0F00A8335E /* _928ZJ__UITests.m */,
				4B2C86241BB97D0F00A8335E /* Info.plist */,
			);
			path = "0928ZJ心跳UITests";
			sourceTree = "<group>";
		};
/* End PBXGroup section */

/* Begin PBXNativeTarget section */
		4B2C85F91BB97D0E00A8335E /* 0928ZJ心跳 */ = {
			isa = PBXNativeTarget;
			buildConfigurationList = 4B2C86271BB97D0F00A8335E /* Build configuration list for PBXNativeTarget "0928ZJ心跳" */;
			buildPhases = (
				4B2C85F61BB97D0E00A8335E /* Sources */,
				4B2C85F71BB97D0E00A8335E /* Frameworks */,
				4B2C85F81BB97D0E00A8335E /* Resources */,
			);
			buildRules = (
			);
			dependencies = (
			);
			name = "0928ZJ心跳";
			productName = "0928ZJ心跳";
			productReference = 4B2C85FA1BB97D0E00A8335E /* 0928ZJ心跳.app */;
			productType = "com.apple.product-type.application";
		};
		4B2C86121BB97D0F00A8335E /* 0928ZJ心跳Tests */ = {
			isa = PBXNativeTarget;
			buildConfigurationList = 4B2C862A1BB97D0F00A8335E /* Build configuration list for PBXNativeTarget "0928ZJ心跳Tests" */;
			buildPhases = (
				4B2C860F1BB97D0F00A8335E /* Sources */,
				4B2C86101BB97D0F00A8335E /* Frameworks */,
				4B2C86111BB97D0F00A8335E /* Resources */,
			);
			buildRules = (
			);
			dependencies = (
				4B2C86151BB97D0F00A8335E /* PBXTargetDependency */,
			);
			name = "0928ZJ心跳Tests";
			productName = "0928ZJ心跳Tests";
			productReference = 4B2C86131BB97D0F00A8335E /* 0928ZJ心跳Tests.xctest */;
			productType = "com.apple.product-type.bundle.unit-test";
		};
		4B2C861D1BB97D0F00A8335E /* 0928ZJ心跳UITests */ = {
			isa = PBXNativeTarget;
			buildConfigurationList = 4B2C862D1BB97D0F00A8335E /* Build configuration list for PBXNativeTarget "0928ZJ心跳UITests" */;
			buildPhases = (
				4B2C861A1BB97D0F00A8335E /* Sources */,
				4B2C861B1BB97D0F00A8335E /* Frameworks */,
				4B2C861C1BB97D0F00A8335E /* Resources */,
			);
			buildRules = (
			);
			dependencies = (
				4B2C86201BB97D0F00A8335E /* PBXTargetDependency */,
			);
			name = "0928ZJ心跳UITests";
			productName = "0928ZJ心跳UITests";
			productReference = 4B2C861E1BB97D0F00A8335E /* 0928ZJ心跳UITests.xctest */;
			productType = "com.apple.product-type.bundle.ui-testing";
		};
/* End PBXNativeTarget section */

/* Begin PBXProject section */
		4B2C85F21BB97D0E00A8335E /* Project object */ = {
			isa = PBXProject;
			attributes = {
				LastUpgradeCheck = 0700;
				ORGANIZATIONNAME = base;
				TargetAttributes = {
					4B2C85F91BB97D0E00A8335E = {
						CreatedOnToolsVersion = 7.0;
					};
					4B2C86121BB97D0F00A8335E = {
						CreatedOnToolsVersion = 7.0;
						TestTargetID = 4B2C85F91BB97D0E00A8335E;
					};
					4B2C861D1BB97D0F00A8335E = {
						CreatedOnToolsVersion = 7.0;
						TestTargetID = 4B2C85F91BB97D0E00A8335E;
					};
				};
			};
			buildConfigurationList = 4B2C85F51BB97D0E00A8335E /* Build configuration list for PBXProject "0928ZJ心跳" */;
			compatibilityVersion = "Xcode 3.2";
			developmentRegion = English;
			hasScannedForEncodings = 0;
			knownRegions = (
				en,
				Base,
			);
			mainGroup = 4B2C85F11BB97D0E00A8335E;
			productRefGroup = 4B2C85FB1BB97D0E00A8335E /* Products */;
			projectDirPath = "";
			projectRoot = "";
			targets = (
				4B2C85F91BB97D0E00A8335E /* 0928ZJ心跳 */,
				4B2C86121BB97D0F00A8335E /* 0928ZJ心跳Tests */,
				4B2C861D1BB97D0F00A8335E /* 0928ZJ心跳UITests */,
			);
		};
/* End PBXProject section */

/* Begin PBXResourcesBuildPhase section */
		4B2C85F81BB97D0E00A8335E /* Resources */ = {
			isa = PBXResourcesBuildPhase;
			buildActionMask = 2147483647;
			files = (
				4B2C860D1BB97D0E00A8335E /* LaunchScreen.storyboard in Resources */,
				4B2C860A1BB97D0E00A8335E /* Assets.xcassets in Resources */,
				4B2C86081BB97D0E00A8335E /* Main.storyboard in Resources */,
			);
			runOnlyForDeploymentPostprocessing = 0;
		};
		4B2C86111BB97D0F00A8335E /* Resources */ = {
			isa = PBXResourcesBuildPhase;
			buildActionMask = 2147483647;
			files = (
			);
			runOnlyForDeploymentPostprocessing = 0;
		};
		4B2C861C1BB97D0F00A8335E /* Resources */ = {
			isa = PBXResourcesBuildPhase;
			buildActionMask = 2147483647;
			files = (
			);
			runOnlyForDeploymentPostprocessing = 0;
		};
/* End PBXResourcesBuildPhase section */

/* Begin PBXSourcesBuildPhase section */
		4B2C85F61BB97D0E00A8335E /* Sources */ = {
			isa = PBXSourcesBuildPhase;
			buildActionMask = 2147483647;
			files = (
				4B2C86051BB97D0E00A8335E /* ViewController.m in Sources */,
				4B2C86021BB97D0E00A8335E /* AppDelegate.m in Sources */,
				4B2C85FF1BB97D0E00A8335E /* main.m in Sources */,
			);
			runOnlyForDeploymentPostprocessing = 0;
		};
		4B2C860F1BB97D0F00A8335E /* Sources */ = {
			isa = PBXSourcesBuildPhase;
			buildActionMask = 2147483647;
			files = (
				4B2C86181BB97D0F00A8335E /* _928ZJ__Tests.m in Sources */,
			);
			runOnlyForDeploymentPostprocessing = 0;
		};
		4B2C861A1BB97D0F00A8335E /* Sources */ = {
			isa = PBXSourcesBuildPhase;
			buildActionMask = 2147483647;
			files = (
				4B2C86231BB97D0F00A8335E /* _928ZJ__UITests.m in Sources */,
			);
			runOnlyForDeploymentPostprocessing = 0;
		};
/* End PBXSourcesBuildPhase section */

/* Begin PBXTargetDependency section */
		4B2C86151BB97D0F00A8335E /* PBXTargetDependency */ = {
			isa = PBXTargetDependency;
			target = 4B2C85F91BB97D0E00A8335E /* 0928ZJ心跳 */;
			targetProxy = 4B2C86141BB97D0F00A8335E /* PBXContainerItemProxy */;
		};
		4B2C86201BB97D0F00A8335E /* PBXTargetDependency */ = {
			isa = PBXTargetDependency;
			target = 4B2C85F91BB97D0E00A8335E /* 0928ZJ心跳 */;
			targetProxy = 4B2C861F1BB97D0F00A8335E /* PBXContainerItemProxy */;
		};
/* End PBXTargetDependency section */

/* Begin PBXVariantGroup section */
		4B2C86061BB97D0E00A8335E /* Main.storyboard */ = {
			isa = PBXVariantGroup;
			children = (
				4B2C86071BB97D0E00A8335E /* Base */,
			);
			name = Main.storyboard;
			sourceTree = "<group>";
		};
		4B2C860B1BB97D0E00A8335E /* LaunchScreen.storyboard */ = {
			isa = PBXVariantGroup;
			children = (
				4B2C860C1BB97D0E00A8335E /* Base */,
			);
			name = LaunchScreen.storyboard;
			sourceTree = "<group>";
		};
/* End PBXVariantGroup section */

/* Begin XCBuildConfiguration section */
		4B2C86251BB97D0F00A8335E /* Debug */ = {
			isa = XCBuildConfiguration;
			buildSettings = {
				ALWAYS_SEARCH_USER_PATHS = NO;
				CLANG_CXX_LANGUAGE_STANDARD = "gnu++0x";
				CLANG_CXX_LIBRARY = "libc++";
				CLANG_ENABLE_MODULES = YES;
				CLANG_ENABLE_OBJC_ARC = YES;
				CLANG_WARN_BOOL_CONVERSION = YES;
				CLANG_WARN_CONSTANT_CONVERSION = YES;
				CLANG_WARN_DIRECT_OBJC_ISA_USAGE = YES_ERROR;
				CLANG_WARN_EMPTY_BODY = YES;
				CLANG_WARN_ENUM_CONVERSION = YES;
				CLANG_WARN_INT_CONVERSION = YES;
				CLANG_WARN_OBJC_ROOT_CLASS = YES_ERROR;
				CLANG_WARN_UNREACHABLE_CODE = YES;
				CLANG_WARN__DUPLICATE_METHOD_MATCH = YES;
				"CODE_SIGN_IDENTITY[sdk=iphoneos*]" = "iPhone Developer";
				COPY_PHASE_STRIP = NO;
				DEBUG_INFORMATION_FORMAT = dwarf;
				ENABLE_STRICT_OBJC_MSGSEND = YES;
				ENABLE_TESTABILITY = YES;
				GCC_C_LANGUAGE_STANDARD = gnu99;
				GCC_DYNAMIC_NO_PIC = NO;
				GCC_NO_COMMON_BLOCKS = YES;
				GCC_OPTIMIZATION_LEVEL = 0;
				GCC_PREPROCESSOR_DEFINITIONS = (
					"DEBUG=1",
					"$(inherited)",
				);
				GCC_WARN_64_TO_32_BIT_CONVERSION = YES;
				GCC_WARN_ABOUT_RETURN_TYPE = YES_ERROR;
				GCC_WARN_UNDECLARED_SELECTOR = YES;
				GCC_WARN_UNINITIALIZED_AUTOS = YES_AGGRESSIVE;
				GCC_WARN_UNUSED_FUNCTION = YES;
				GCC_WARN_UNUSED_VARIABLE = YES;
				IPHONEOS_DEPLOYMENT_TARGET = 9.0;
				MTL_ENABLE_DEBUG_INFO = YES;
				ONLY_ACTIVE_ARCH = YES;
				SDKROOT = iphoneos;
				TARGETED_DEVICE_FAMILY = "1,2";
			};
			name = Debug;
		};
		4B2C86261BB97D0F00A8335E /* Release */ = {
			isa = XCBuildConfiguration;
			buildSettings = {
				ALWAYS_SEARCH_USER_PATHS = NO;
				CLANG_CXX_LANGUAGE_STANDARD = "gnu++0x";
				CLANG_CXX_LIBRARY = "libc++";
				CLANG_ENABLE_MODULES = YES;
				CLANG_ENABLE_OBJC_ARC = YES;
				CLANG_WARN_BOOL_CONVERSION = YES;
				CLANG_WARN_CONSTANT_CONVERSION = YES;
				CLANG_WARN_DIRECT_OBJC_ISA_USAGE = YES_ERROR;
				CLANG_WARN_EMPTY_BODY = YES;
				CLANG_WARN_ENUM_CONVERSION = YES;
				CLANG_WARN_INT_CONVERSION = YES;
				CLANG_WARN_OBJC_ROOT_CLASS = YES_ERROR;
				CLANG_WARN_UNREACHABLE_CODE = YES;
				CLANG_WARN__DUPLICATE_METHOD_MATCH = YES;
				"CODE_SIGN_IDENTITY[sdk=iphoneos*]" = "iPhone Developer";
				COPY_PHASE_STRIP = NO;
				DEBUG_INFORMATION_FORMAT = "dwarf-with-dsym";
				ENABLE_NS_ASSERTIONS = NO;
				ENABLE_STRICT_OBJC_MSGSEND = YES;
				GCC_C_LANGUAGE_STANDARD = gnu99;
				GCC_NO_COMMON_BLOCKS = YES;
				GCC_WARN_64_TO_32_BIT_CONVERSION = YES;
				GCC_WARN_ABOUT_RETURN_TYPE = YES_ERROR;
				GCC_WARN_UNDECLARED_SELECTOR = YES;
				GCC_WARN_UNINITIALIZED_AUTOS = YES_AGGRESSIVE;
				GCC_WARN_UNUSED_FUNCTION = YES;
				GCC_WARN_UNUSED_VARIABLE = YES;
				IPHONEOS_DEPLOYMENT_TARGET = 9.0;
				MTL_ENABLE_DEBUG_INFO = NO;
				SDKROOT = iphoneos;
				TARGETED_DEVICE_FAMILY = "1,2";
				VALIDATE_PRODUCT = YES;
			};
			name = Release;
		};
		4B2C86281BB97D0F00A8335E /* Debug */ = {
			isa = XCBuildConfiguration;
			buildSettings = {
				ASSETCATALOG_COMPILER_APPICON_NAME = AppIcon;
				INFOPLIST_FILE = "0928ZJ心跳/Info.plist";
				LD_RUNPATH_SEARCH_PATHS = "$(inherited) @executable_path/Frameworks";
				PRODUCT_BUNDLE_IDENTIFIER = "com.520it.-928ZJ--";
				PRODUCT_NAME = "$(TARGET_NAME)";
			};
			name = Debug;
		};
		4B2C86291BB97D0F00A8335E /* Release */ = {
			isa = XCBuildConfiguration;
			buildSettings = {
				ASSETCATALOG_COMPILER_APPICON_NAME = AppIcon;
				INFOPLIST_FILE = "0928ZJ心跳/Info.plist";
				LD_RUNPATH_SEARCH_PATHS = "$(inherited) @executable_path/Frameworks";
				PRODUCT_BUNDLE_IDENTIFIER = "com.520it.-928ZJ--";
				PRODUCT_NAME = "$(TARGET_NAME)";
			};
			name = Release;
		};
		4B2C862B1BB97D0F00A8335E /* Debug */ = {
			isa = XCBuildConfiguration;
			buildSettings = {
				BUNDLE_LOADER = "$(TEST_HOST)";
				INFOPLIST_FILE = "0928ZJ心跳Tests/Info.plist";
				LD_RUNPATH_SEARCH_PATHS = "$(inherited) @executable_path/Frameworks @loader_path/Frameworks";
				PRODUCT_BUNDLE_IDENTIFIER = "com.520it.-928ZJ--Tests";
				PRODUCT_NAME = "$(TARGET_NAME)";
				TEST_HOST = "$(BUILT_PRODUCTS_DIR)/0928ZJ心跳.app/0928ZJ心跳";
			};
			name = Debug;
		};
		4B2C862C1BB97D0F00A8335E /* Release */ = {
			isa = XCBuildConfiguration;
			buildSettings = {
				BUNDLE_LOADER = "$(TEST_HOST)";
				INFOPLIST_FILE = "0928ZJ心跳Tests/Info.plist";
				LD_RUNPATH_SEARCH_PATHS = "$(inherited) @executable_path/Frameworks @loader_path/Frameworks";
				PRODUCT_BUNDLE_IDENTIFIER = "com.520it.-928ZJ--Tests";
				PRODUCT_NAME = "$(TARGET_NAME)";
				TEST_HOST = "$(BUILT_PRODUCTS_DIR)/0928ZJ心跳.app/0928ZJ心跳";
			};
			name = Release;
		};
		4B2C862E1BB97D0F00A8335E /* Debug */ = {
			isa = XCBuildConfiguration;
			buildSettings = {
				INFOPLIST_FILE = "0928ZJ心跳UITests/Info.plist";
				LD_RUNPATH_SEARCH_PATHS = "$(inherited) @executable_path/Frameworks @loader_path/Frameworks";
				PRODUCT_BUNDLE_IDENTIFIER = "com.520it.-928ZJ--UITests";
				PRODUCT_NAME = "$(TARGET_NAME)";
				TEST_TARGET_NAME = "0928ZJ心跳";
				USES_XCTRUNNER = YES;
			};
			name = Debug;
		};
		4B2C862F1BB97D0F00A8335E /* Release */ = {
			isa = XCBuildConfiguration;
			buildSettings = {
				INFOPLIST_FILE = "0928ZJ心跳UITests/Info.plist";
				LD_RUNPATH_SEARCH_PATHS = "$(inherited) @executable_path/Frameworks @loader_path/Frameworks";
				PRODUCT_BUNDLE_IDENTIFIER = "com.520it.-928ZJ--UITests";
				PRODUCT_NAME = "$(TARGET_NAME)";
				TEST_TARGET_NAME = "0928ZJ心跳";
				USES_XCTRUNNER = YES;
			};
			name = Release;
		};
/* End XCBuildConfiguration section */

/* Begin XCConfigurationList section */
		4B2C85F51BB97D0E00A8335E /* Build configuration list for PBXProject "0928ZJ心跳" */ = {
			isa = XCConfigurationList;
			buildConfigurations = (
				4B2C86251BB97D0F00A8335E /* Debug */,
				4B2C86261BB97D0F00A8335E /* Release */,
			);
			defaultConfigurationIsVisible = 0;
			defaultConfigurationName = Release;
		};
		4B2C86271BB97D0F00A8335E /* Build configuration list for PBXNativeTarget "0928ZJ心跳" */ = {
			isa = XCConfigurationList;
			buildConfigurations = (
				4B2C86281BB97D0F00A8335E /* Debug */,
				4B2C86291BB97D0F00A8335E /* Release */,
			);
			defaultConfigurationIsVisible = 0;
		};
		4B2C862A1BB97D0F00A8335E /* Build configuration list for PBXNativeTarget "0928ZJ心跳Tests" */ = {
			isa = XCConfigurationList;
			buildConfigurations = (
				4B2C862B1BB97D0F00A8335E /* Debug */,
				4B2C862C1BB97D0F00A8335E /* Release */,
			);
			defaultConfigurationIsVisible = 0;
		};
		4B2C862D1BB97D0F00A8335E /* Build configuration list for PBXNativeTarget "0928ZJ心跳UITests" */ = {
			isa = XCConfigurationList;
			buildConfigurations = (
				4B2C862E1BB97D0F00A8335E /* Debug */,
				4B2C862F1BB97D0F00A8335E /* Release */,
			);
			defaultConfigurationIsVisible = 0;
		};
/* End XCConfigurationList section */
	};
	rootObject = 4B2C85F21BB97D0E00A8335E /* Project object */;
}
